
Microsoft Visual Studio Solution File, Format Version 12.00
# Visual Studio Version 16
VisualStudioVersion = 16.0.30406.217
MinimumVisualStudioVersion = 10.0.40219.1
Project("{FAE04EC0-301F-11D3-BF4B-00C04F79EFBC}") = "EX_GridForms", "EX_GridForms.csproj", "{95E3FBDE-8A28-4557-96D1-ABE9199DBD75}"
EndProject
Global
	GlobalSection(SolutionConfigurationPlatforms) = preSolution
		Debug|Any CPU = Debug|Any CPU
		Release|Any CPU = Release|Any CPU
	EndGlobalSection
	GlobalSection(ProjectConfigurationPlatforms) = postSolution
		{95E3FBDE-8A28-4557-96D1-ABE9199DBD75}.Debug|Any CPU.ActiveCfg = Debug|Any CPU
		{95E3FBDE-8A28-4557-96D1-ABE9199DBD75}.Debug|Any CPU.Build.0 = Debug|Any CPU
		{95E3FBDE-8A28-4557-96D1-ABE9199DBD75}.Release|Any CPU.ActiveCfg = Release|Any CPU
		{95E3FBDE-8A28-4557-96D1-ABE9199DBD75}.Release|Any CPU.Build.0 = Release|Any CPU
	EndGlobalSection
	GlobalSection(SolutionProperties) = preSolution
		HideSolutionNode = FALSE
	EndGlobalSection
	GlobalSection(ExtensibilityGlobals) = postSolution
		SolutionGuid = {10284694-DB5C-48A7-9F67-011A07361B71}
	EndGlobalSection
EndGlobal
